// !$*UTF8*$!
{
	archiveVersion = 1;
	classes = {
	};
	objectVersion = 50;
	objects = {

/* Begin PBXBuildFile section */
		54159A47247CAE21003E1F21 /* AppDelegate.swift in Sources */ = {isa = PBXBuildFile; fileRef = 54159A46247CAE21003E1F21 /* AppDelegate.swift */; };
		54159A49247CAE21003E1F21 /* SceneDelegate.swift in Sources */ = {isa = PBXBuildFile; fileRef = 54159A48247CAE21003E1F21 /* SceneDelegate.swift */; };
		54159A50247CAE23003E1F21 /* Assets.xcassets in Resources */ = {isa = PBXBuildFile; fileRef = 54159A4F247CAE23003E1F21 /* Assets.xcassets */; };
		54159A53247CAE23003E1F21 /* LaunchScreen.storyboard in Resources */ = {isa = PBXBuildFile; fileRef = 54159A51247CAE23003E1F21 /* LaunchScreen.storyboard */; };
		5424F464247DEF45009EA108 /* OnBoard.storyboard in Resources */ = {isa = PBXBuildFile; fileRef = 5424F463247DEF45009EA108 /* OnBoard.storyboard */; };
		5424F466247DEF74009EA108 /* OnBoardViewController.swift in Sources */ = {isa = PBXBuildFile; fileRef = 5424F465247DEF74009EA108 /* OnBoardViewController.swift */; };
		5438AECA248392F5007B7E73 /* AppCordinator.swift in Sources */ = {isa = PBXBuildFile; fileRef = 5438AEC9248392F5007B7E73 /* AppCordinator.swift */; };
		5487C7E02486279F000907EB /* OnBoardViewModel.swift in Sources */ = {isa = PBXBuildFile; fileRef = 5487C7DF2486279F000907EB /* OnBoardViewModel.swift */; };
		5487C7E324863375000907EB /* UIViewController+Extension.swift in Sources */ = {isa = PBXBuildFile; fileRef = 5487C7E224863375000907EB /* UIViewController+Extension.swift */; };
		54993622247F4562007FD6DA /* OnBoardViewCell.swift in Sources */ = {isa = PBXBuildFile; fileRef = 54993620247F4562007FD6DA /* OnBoardViewCell.swift */; };
		54993623247F4562007FD6DA /* OnBoardViewCell.xib in Resources */ = {isa = PBXBuildFile; fileRef = 54993621247F4562007FD6DA /* OnBoardViewCell.xib */; };
		54993625247F60E1007FD6DA /* OnBoardModel.swift in Sources */ = {isa = PBXBuildFile; fileRef = 54993624247F60E1007FD6DA /* OnBoardModel.swift */; };
		54993627247F7562007FD6DA /* Colors.xcassets in Resources */ = {isa = PBXBuildFile; fileRef = 54993626247F7562007FD6DA /* Colors.xcassets */; };
		54AC2E242484032C0033FC1C /* OnBoardCoordinator.swift in Sources */ = {isa = PBXBuildFile; fileRef = 54AC2E232484032C0033FC1C /* OnBoardCoordinator.swift */; };
		D9466D3CFA3E6D26D8AAB507 /* Pods_FreshFood.framework in Frameworks */ = {isa = PBXBuildFile; fileRef = DDDC532CC64865BCC68B5424 /* Pods_FreshFood.framework */; };
/* End PBXBuildFile section */

/* Begin PBXFileReference section */
		18CE7C7217DB36D178EA9F1B /* Pods-FreshFood.debug.xcconfig */ = {isa = PBXFileReference; includeInIndex = 1; lastKnownFileType = text.xcconfig; name = "Pods-FreshFood.debug.xcconfig"; path = "Target Support Files/Pods-FreshFood/Pods-FreshFood.debug.xcconfig"; sourceTree = "<group>"; };
		54159A43247CAE21003E1F21 /* FreshFood.app */ = {isa = PBXFileReference; explicitFileType = wrapper.application; includeInIndex = 0; path = FreshFood.app; sourceTree = BUILT_PRODUCTS_DIR; };
		54159A46247CAE21003E1F21 /* AppDelegate.swift */ = {isa = PBXFileReference; lastKnownFileType = sourcecode.swift; path = AppDelegate.swift; sourceTree = "<group>"; };
		54159A48247CAE21003E1F21 /* SceneDelegate.swift */ = {isa = PBXFileReference; lastKnownFileType = sourcecode.swift; path = SceneDelegate.swift; sourceTree = "<group>"; };
		54159A4F247CAE23003E1F21 /* Assets.xcassets */ = {isa = PBXFileReference; lastKnownFileType = folder.assetcatalog; path = Assets.xcassets; sourceTree = "<group>"; };
		54159A52247CAE23003E1F21 /* Base */ = {isa = PBXFileReference; lastKnownFileType = file.storyboard; name = Base; path = Base.lproj/LaunchScreen.storyboard; sourceTree = "<group>"; };
		54159A54247CAE23003E1F21 /* Info.plist */ = {isa = PBXFileReference; lastKnownFileType = text.plist.xml; name = Info.plist; path = FreshFood/Resources/Info.plist; sourceTree = SOURCE_ROOT; };
		5424F463247DEF45009EA108 /* OnBoard.storyboard */ = {isa = PBXFileReference; lastKnownFileType = file.storyboard; path = OnBoard.storyboard; sourceTree = "<group>"; };
		5424F465247DEF74009EA108 /* OnBoardViewController.swift */ = {isa = PBXFileReference; lastKnownFileType = sourcecode.swift; path = OnBoardViewController.swift; sourceTree = "<group>"; };
		5438AEC9248392F5007B7E73 /* AppCordinator.swift */ = {isa = PBXFileReference; lastKnownFileType = sourcecode.swift; path = AppCordinator.swift; sourceTree = "<group>"; };
		5487C7DF2486279F000907EB /* OnBoardViewModel.swift */ = {isa = PBXFileReference; lastKnownFileType = sourcecode.swift; path = OnBoardViewModel.swift; sourceTree = "<group>"; };
		5487C7E224863375000907EB /* UIViewController+Extension.swift */ = {isa = PBXFileReference; lastKnownFileType = sourcecode.swift; path = "UIViewController+Extension.swift"; sourceTree = "<group>"; };
		54993620247F4562007FD6DA /* OnBoardViewCell.swift */ = {isa = PBXFileReference; lastKnownFileType = sourcecode.swift; path = OnBoardViewCell.swift; sourceTree = "<group>"; };
		54993621247F4562007FD6DA /* OnBoardViewCell.xib */ = {isa = PBXFileReference; lastKnownFileType = file.xib; path = OnBoardViewCell.xib; sourceTree = "<group>"; };
		54993624247F60E1007FD6DA /* OnBoardModel.swift */ = {isa = PBXFileReference; lastKnownFileType = sourcecode.swift; path = OnBoardModel.swift; sourceTree = "<group>"; };
		54993626247F7562007FD6DA /* Colors.xcassets */ = {isa = PBXFileReference; lastKnownFileType = folder.assetcatalog; path = Colors.xcassets; sourceTree = "<group>"; };
		54AC2E232484032C0033FC1C /* OnBoardCoordinator.swift */ = {isa = PBXFileReference; lastKnownFileType = sourcecode.swift; path = OnBoardCoordinator.swift; sourceTree = "<group>"; };
		D2AD777A48F5DBF55AC961F6 /* Pods-FreshFood.release.xcconfig */ = {isa = PBXFileReference; includeInIndex = 1; lastKnownFileType = text.xcconfig; name = "Pods-FreshFood.release.xcconfig"; path = "Target Support Files/Pods-FreshFood/Pods-FreshFood.release.xcconfig"; sourceTree = "<group>"; };
		DDDC532CC64865BCC68B5424 /* Pods_FreshFood.framework */ = {isa = PBXFileReference; explicitFileType = wrapper.framework; includeInIndex = 0; path = Pods_FreshFood.framework; sourceTree = BUILT_PRODUCTS_DIR; };
/* End PBXFileReference section */

/* Begin PBXFrameworksBuildPhase section */
		54159A40247CAE21003E1F21 /* Frameworks */ = {
			isa = PBXFrameworksBuildPhase;
			buildActionMask = 2147483647;
			files = (
				D9466D3CFA3E6D26D8AAB507 /* Pods_FreshFood.framework in Frameworks */,
			);
			runOnlyForDeploymentPostprocessing = 0;
		};
/* End PBXFrameworksBuildPhase section */

/* Begin PBXGroup section */
		54159A3A247CAE21003E1F21 = {
			isa = PBXGroup;
			children = (
				54159A45247CAE21003E1F21 /* FreshFood */,
				54159A44247CAE21003E1F21 /* Products */,
				BEB652B633E0CDEBFCEAED4E /* Pods */,
				B35C9550FD8C18211C692D1B /* Frameworks */,
			);
			sourceTree = "<group>";
		};
		54159A44247CAE21003E1F21 /* Products */ = {
			isa = PBXGroup;
			children = (
				54159A43247CAE21003E1F21 /* FreshFood.app */,
			);
			name = Products;
			sourceTree = "<group>";
		};
		54159A45247CAE21003E1F21 /* FreshFood */ = {
			isa = PBXGroup;
			children = (
				54F9DE32247CBE20000871B1 /* Application */,
				54F9DE3A247CBEBD000871B1 /* Third Party */,
				54F9DE39247CBE5F000871B1 /* Resources */,
				54F9DE38247CBE51000871B1 /* Networking */,
				54F9DE37247CBE4A000871B1 /* Modules */,
				54F9DE36247CBE42000871B1 /* Managers */,
				54F9DE35247CBE3C000871B1 /* Extensions */,
				54F9DE34247CBE31000871B1 /* Configs */,
				54F9DE33247CBE2C000871B1 /* Common */,
			);
			path = FreshFood;
			sourceTree = "<group>";
		};
		5438AEC8248392E1007B7E73 /* Navigator */ = {
			isa = PBXGroup;
			children = (
				5438AEC9248392F5007B7E73 /* AppCordinator.swift */,
			);
			path = Navigator;
			sourceTree = "<group>";
		};
		54702E73247DD2D50064F6D8 /* Authenticate */ = {
			isa = PBXGroup;
			children = (
			);
			path = Authenticate;
			sourceTree = "<group>";
		};
		54702E74247DD2EB0064F6D8 /* PreLogin */ = {
			isa = PBXGroup;
			children = (
				54702E76247DD3520064F6D8 /* OnBoarding */,
				54702E75247DD34C0064F6D8 /* Splash */,
			);
			path = PreLogin;
			sourceTree = "<group>";
		};
		54702E75247DD34C0064F6D8 /* Splash */ = {
			isa = PBXGroup;
			children = (
			);
			path = Splash;
			sourceTree = "<group>";
		};
		54702E76247DD3520064F6D8 /* OnBoarding */ = {
			isa = PBXGroup;
			children = (
				54AC2E222484030D0033FC1C /* Navigator */,
				54702E78247DD3A30064F6D8 /* ViewModel */,
				54702E77247DD39D0064F6D8 /* View */,
				54993624247F60E1007FD6DA /* OnBoardModel.swift */,
			);
			path = OnBoarding;
			sourceTree = "<group>";
		};
		54702E77247DD39D0064F6D8 /* View */ = {
			isa = PBXGroup;
			children = (
				5424F463247DEF45009EA108 /* OnBoard.storyboard */,
				5424F465247DEF74009EA108 /* OnBoardViewController.swift */,
			);
			path = View;
			sourceTree = "<group>";
		};
		54702E78247DD3A30064F6D8 /* ViewModel */ = {
			isa = PBXGroup;
			children = (
				5487C7DF2486279F000907EB /* OnBoardViewModel.swift */,
			);
			path = ViewModel;
			sourceTree = "<group>";
		};
		5487C7E12486333C000907EB /* View */ = {
			isa = PBXGroup;
			children = (
				5487C7E224863375000907EB /* UIViewController+Extension.swift */,
			);
			path = View;
			sourceTree = "<group>";
		};
		5499361E247F443D007FD6DA /* Components */ = {
			isa = PBXGroup;
			children = (
				5499361F247F4449007FD6DA /* Cell */,
			);
			path = Components;
			sourceTree = "<group>";
		};
		5499361F247F4449007FD6DA /* Cell */ = {
			isa = PBXGroup;
			children = (
				54993620247F4562007FD6DA /* OnBoardViewCell.swift */,
				54993621247F4562007FD6DA /* OnBoardViewCell.xib */,
			);
			path = Cell;
			sourceTree = "<group>";
		};
		54AC2E222484030D0033FC1C /* Navigator */ = {
			isa = PBXGroup;
			children = (
				54AC2E232484032C0033FC1C /* OnBoardCoordinator.swift */,
			);
			path = Navigator;
			sourceTree = "<group>";
		};
		54F9DE32247CBE20000871B1 /* Application */ = {
			isa = PBXGroup;
			children = (
				54159A48247CAE21003E1F21 /* SceneDelegate.swift */,
				54159A51247CAE23003E1F21 /* LaunchScreen.storyboard */,
				54159A46247CAE21003E1F21 /* AppDelegate.swift */,
			);
			path = Application;
			sourceTree = "<group>";
		};
		54F9DE33247CBE2C000871B1 /* Common */ = {
			isa = PBXGroup;
			children = (
			);
			path = Common;
			sourceTree = "<group>";
		};
		54F9DE34247CBE31000871B1 /* Configs */ = {
			isa = PBXGroup;
			children = (
			);
			path = Configs;
			sourceTree = "<group>";
		};
		54F9DE35247CBE3C000871B1 /* Extensions */ = {
			isa = PBXGroup;
			children = (
				5487C7E12486333C000907EB /* View */,
			);
			path = Extensions;
			sourceTree = "<group>";
		};
		54F9DE36247CBE42000871B1 /* Managers */ = {
			isa = PBXGroup;
			children = (
				5438AEC8248392E1007B7E73 /* Navigator */,
			);
			path = Managers;
			sourceTree = "<group>";
		};
		54F9DE37247CBE4A000871B1 /* Modules */ = {
			isa = PBXGroup;
			children = (
				5499361E247F443D007FD6DA /* Components */,
				54702E74247DD2EB0064F6D8 /* PreLogin */,
				54702E73247DD2D50064F6D8 /* Authenticate */,
			);
			path = Modules;
			sourceTree = "<group>";
		};
		54F9DE38247CBE51000871B1 /* Networking */ = {
			isa = PBXGroup;
			children = (
			);
			path = Networking;
			sourceTree = "<group>";
		};
		54F9DE39247CBE5F000871B1 /* Resources */ = {
			isa = PBXGroup;
			children = (
				54159A54247CAE23003E1F21 /* Info.plist */,
				54159A4F247CAE23003E1F21 /* Assets.xcassets */,
				54993626247F7562007FD6DA /* Colors.xcassets */,
			);
			path = Resources;
			sourceTree = "<group>";
		};
		54F9DE3A247CBEBD000871B1 /* Third Party */ = {
			isa = PBXGroup;
			children = (
			);
			path = "Third Party";
			sourceTree = "<group>";
		};
		B35C9550FD8C18211C692D1B /* Frameworks */ = {
			isa = PBXGroup;
			children = (
				DDDC532CC64865BCC68B5424 /* Pods_FreshFood.framework */,
			);
			name = Frameworks;
			sourceTree = "<group>";
		};
		BEB652B633E0CDEBFCEAED4E /* Pods */ = {
			isa = PBXGroup;
			children = (
				18CE7C7217DB36D178EA9F1B /* Pods-FreshFood.debug.xcconfig */,
				D2AD777A48F5DBF55AC961F6 /* Pods-FreshFood.release.xcconfig */,
			);
			name = Pods;
			path = Pods;
			sourceTree = "<group>";
		};
/* End PBXGroup section */

/* Begin PBXNativeTarget section */
		54159A42247CAE21003E1F21 /* FreshFood */ = {
			isa = PBXNativeTarget;
			buildConfigurationList = 54159A57247CAE23003E1F21 /* Build configuration list for PBXNativeTarget "FreshFood" */;
			buildPhases = (
				6F2C0BC0C5E49DA1522A337A /* [CP] Check Pods Manifest.lock */,
				54159A3F247CAE21003E1F21 /* Sources */,
				54159A40247CAE21003E1F21 /* Frameworks */,
				54159A41247CAE21003E1F21 /* Resources */,
				7B3318B8ADE7EF7C5C749B5A /* [CP] Embed Pods Frameworks */,
			);
			buildRules = (
			);
			dependencies = (
			);
			name = FreshFood;
			productName = FreshFood;
			productReference = 54159A43247CAE21003E1F21 /* FreshFood.app */;
			productType = "com.apple.product-type.application";
		};
/* End PBXNativeTarget section */

/* Begin PBXProject section */
		54159A3B247CAE21003E1F21 /* Project object */ = {
			isa = PBXProject;
			attributes = {
				LastSwiftUpdateCheck = 1140;
				LastUpgradeCheck = 1140;
				ORGANIZATIONNAME = Veli;
				TargetAttributes = {
					54159A42247CAE21003E1F21 = {
						CreatedOnToolsVersion = 11.4.1;
					};
				};
			};
			buildConfigurationList = 54159A3E247CAE21003E1F21 /* Build configuration list for PBXProject "FreshFood" */;
			compatibilityVersion = "Xcode 9.3";
			developmentRegion = en;
			hasScannedForEncodings = 0;
			knownRegions = (
				en,
				Base,
			);
			mainGroup = 54159A3A247CAE21003E1F21;
			productRefGroup = 54159A44247CAE21003E1F21 /* Products */;
			projectDirPath = "";
			projectRoot = "";
			targets = (
				54159A42247CAE21003E1F21 /* FreshFood */,
			);
		};
/* End PBXProject section */

/* Begin PBXResourcesBuildPhase section */
		54159A41247CAE21003E1F21 /* Resources */ = {
			isa = PBXResourcesBuildPhase;
			buildActionMask = 2147483647;
			files = (
				54993627247F7562007FD6DA /* Colors.xcassets in Resources */,
				54993623247F4562007FD6DA /* OnBoardViewCell.xib in Resources */,
				5424F464247DEF45009EA108 /* OnBoard.storyboard in Resources */,
				54159A53247CAE23003E1F21 /* LaunchScreen.storyboard in Resources */,
				54159A50247CAE23003E1F21 /* Assets.xcassets in Resources */,
			);
			runOnlyForDeploymentPostprocessing = 0;
		};
/* End PBXResourcesBuildPhase section */

/* Begin PBXShellScriptBuildPhase section */
		6F2C0BC0C5E49DA1522A337A /* [CP] Check Pods Manifest.lock */ = {
			isa = PBXShellScriptBuildPhase;
			buildActionMask = 2147483647;
			files = (
			);
			inputFileListPaths = (
			);
			inputPaths = (
				"${PODS_PODFILE_DIR_PATH}/Podfile.lock",
				"${PODS_ROOT}/Manifest.lock",
			);
			name = "[CP] Check Pods Manifest.lock";
			outputFileListPaths = (
			);
			outputPaths = (
				"$(DERIVED_FILE_DIR)/Pods-FreshFood-checkManifestLockResult.txt",
			);
			runOnlyForDeploymentPostprocessing = 0;
			shellPath = /bin/sh;
			shellScript = "diff \"${PODS_PODFILE_DIR_PATH}/Podfile.lock\" \"${PODS_ROOT}/Manifest.lock\" > /dev/null\nif [ $? != 0 ] ; then\n    # print error to STDERR\n    echo \"error: The sandbox is not in sync with the Podfile.lock. Run 'pod install' or update your CocoaPods installation.\" >&2\n    exit 1\nfi\n# This output is used by Xcode 'outputs' to avoid re-running this script phase.\necho \"SUCCESS\" > \"${SCRIPT_OUTPUT_FILE_0}\"\n";
			showEnvVarsInLog = 0;
		};
		7B3318B8ADE7EF7C5C749B5A /* [CP] Embed Pods Frameworks */ = {
			isa = PBXShellScriptBuildPhase;
			buildActionMask = 2147483647;
			files = (
			);
			inputFileListPaths = (
				"${PODS_ROOT}/Target Support Files/Pods-FreshFood/Pods-FreshFood-frameworks-${CONFIGURATION}-input-files.xcfilelist",
			);
			name = "[CP] Embed Pods Frameworks";
			outputFileListPaths = (
				"${PODS_ROOT}/Target Support Files/Pods-FreshFood/Pods-FreshFood-frameworks-${CONFIGURATION}-output-files.xcfilelist",
			);
			runOnlyForDeploymentPostprocessing = 0;
			shellPath = /bin/sh;
			shellScript = "\"${PODS_ROOT}/Target Support Files/Pods-FreshFood/Pods-FreshFood-frameworks.sh\"\n";
			showEnvVarsInLog = 0;
		};
/* End PBXShellScriptBuildPhase section */

/* Begin PBXSourcesBuildPhase section */
		54159A3F247CAE21003E1F21 /* Sources */ = {
			isa = PBXSourcesBuildPhase;
			buildActionMask = 2147483647;
			files = (
				5487C7E324863375000907EB /* UIViewController+Extension.swift in Sources */,
				5438AECA248392F5007B7E73 /* AppCordinator.swift in Sources */,
				54993622247F4562007FD6DA /* OnBoardViewCell.swift in Sources */,
				5487C7E02486279F000907EB /* OnBoardViewModel.swift in Sources */,
				54AC2E242484032C0033FC1C /* OnBoardCoordinator.swift in Sources */,
				54159A47247CAE21003E1F21 /* AppDelegate.swift in Sources */,
				5424F466247DEF74009EA108 /* OnBoardViewController.swift in Sources */,
				54159A49247CAE21003E1F21 /* SceneDelegate.swift in Sources */,
				54993625247F60E1007FD6DA /* OnBoardModel.swift in Sources */,
			);
			runOnlyForDeploymentPostprocessing = 0;
		};
/* End PBXSourcesBuildPhase section */

/* Begin PBXVariantGroup section */
		54159A51247CAE23003E1F21 /* LaunchScreen.storyboard */ = {
			isa = PBXVariantGroup;
			children = (
				54159A52247CAE23003E1F21 /* Base */,
			);
			name = LaunchScreen.storyboard;
			sourceTree = "<group>";
		};
/* End PBXVariantGroup section */

/* Begin XCBuildConfiguration section */
		54159A55247CAE23003E1F21 /* Debug */ = {
			isa = XCBuildConfiguration;
			buildSettings = {
				ALWAYS_SEARCH_USER_PATHS = NO;
				CLANG_ANALYZER_NONNULL = YES;
				CLANG_ANALYZER_NUMBER_OBJECT_CONVERSION = YES_AGGRESSIVE;
				CLANG_CXX_LANGUAGE_STANDARD = "gnu++14";
				CLANG_CXX_LIBRARY = "libc++";
				CLANG_ENABLE_MODULES = YES;
				CLANG_ENABLE_OBJC_ARC = YES;
				CLANG_ENABLE_OBJC_WEAK = YES;
				CLANG_WARN_BLOCK_CAPTURE_AUTORELEASING = YES;
				CLANG_WARN_BOOL_CONVERSION = YES;
				CLANG_WARN_COMMA = YES;
				CLANG_WARN_CONSTANT_CONVERSION = YES;
				CLANG_WARN_DEPRECATED_OBJC_IMPLEMENTATIONS = YES;
				CLANG_WARN_DIRECT_OBJC_ISA_USAGE = YES_ERROR;
				CLANG_WARN_DOCUMENTATION_COMMENTS = YES;
				CLANG_WARN_EMPTY_BODY = YES;
				CLANG_WARN_ENUM_CONVERSION = YES;
				CLANG_WARN_INFINITE_RECURSION = YES;
				CLANG_WARN_INT_CONVERSION = YES;
				CLANG_WARN_NON_LITERAL_NULL_CONVERSION = YES;
				CLANG_WARN_OBJC_IMPLICIT_RETAIN_SELF = YES;
				CLANG_WARN_OBJC_LITERAL_CONVERSION = YES;
				CLANG_WARN_OBJC_ROOT_CLASS = YES_ERROR;
				CLANG_WARN_RANGE_LOOP_ANALYSIS = YES;
				CLANG_WARN_STRICT_PROTOTYPES = YES;
				CLANG_WARN_SUSPICIOUS_MOVE = YES;
				CLANG_WARN_UNGUARDED_AVAILABILITY = YES_AGGRESSIVE;
				CLANG_WARN_UNREACHABLE_CODE = YES;
				CLANG_WARN__DUPLICATE_METHOD_MATCH = YES;
				COPY_PHASE_STRIP = NO;
				DEBUG_INFORMATION_FORMAT = dwarf;
				ENABLE_STRICT_OBJC_MSGSEND = YES;
				ENABLE_TESTABILITY = YES;
				GCC_C_LANGUAGE_STANDARD = gnu11;
				GCC_DYNAMIC_NO_PIC = NO;
				GCC_NO_COMMON_BLOCKS = YES;
				GCC_OPTIMIZATION_LEVEL = 0;
				GCC_PREPROCESSOR_DEFINITIONS = (
					"DEBUG=1",
					"$(inherited)",
				);
				GCC_WARN_64_TO_32_BIT_CONVERSION = YES;
				GCC_WARN_ABOUT_RETURN_TYPE = YES_ERROR;
				GCC_WARN_UNDECLARED_SELECTOR = YES;
				GCC_WARN_UNINITIALIZED_AUTOS = YES_AGGRESSIVE;
				GCC_WARN_UNUSED_FUNCTION = YES;
				GCC_WARN_UNUSED_VARIABLE = YES;
				IPHONEOS_DEPLOYMENT_TARGET = 13.4;
				MTL_ENABLE_DEBUG_INFO = INCLUDE_SOURCE;
				MTL_FAST_MATH = YES;
				ONLY_ACTIVE_ARCH = YES;
				SDKROOT = iphoneos;
				SWIFT_ACTIVE_COMPILATION_CONDITIONS = DEBUG;
				SWIFT_OPTIMIZATION_LEVEL = "-Onone";
			};
			name = Debug;
		};
		54159A56247CAE23003E1F21 /* Release */ = {
			isa = XCBuildConfiguration;
			buildSettings = {
				ALWAYS_SEARCH_USER_PATHS = NO;
				CLANG_ANALYZER_NONNULL = YES;
				CLANG_ANALYZER_NUMBER_OBJECT_CONVERSION = YES_AGGRESSIVE;
				CLANG_CXX_LANGUAGE_STANDARD = "gnu++14";
				CLANG_CXX_LIBRARY = "libc++";
				CLANG_ENABLE_MODULES = YES;
				CLANG_ENABLE_OBJC_ARC = YES;
				CLANG_ENABLE_OBJC_WEAK = YES;
				CLANG_WARN_BLOCK_CAPTURE_AUTORELEASING = YES;
				CLANG_WARN_BOOL_CONVERSION = YES;
				CLANG_WARN_COMMA = YES;
				CLANG_WARN_CONSTANT_CONVERSION = YES;
				CLANG_WARN_DEPRECATED_OBJC_IMPLEMENTATIONS = YES;
				CLANG_WARN_DIRECT_OBJC_ISA_USAGE = YES_ERROR;
				CLANG_WARN_DOCUMENTATION_COMMENTS = YES;
				CLANG_WARN_EMPTY_BODY = YES;
				CLANG_WARN_ENUM_CONVERSION = YES;
				CLANG_WARN_INFINITE_RECURSION = YES;
				CLANG_WARN_INT_CONVERSION = YES;
				CLANG_WARN_NON_LITERAL_NULL_CONVERSION = YES;
				CLANG_WARN_OBJC_IMPLICIT_RETAIN_SELF = YES;
				CLANG_WARN_OBJC_LITERAL_CONVERSION = YES;
				CLANG_WARN_OBJC_ROOT_CLASS = YES_ERROR;
				CLANG_WARN_RANGE_LOOP_ANALYSIS = YES;
				CLANG_WARN_STRICT_PROTOTYPES = YES;
				CLANG_WARN_SUSPICIOUS_MOVE = YES;
				CLANG_WARN_UNGUARDED_AVAILABILITY = YES_AGGRESSIVE;
				CLANG_WARN_UNREACHABLE_CODE = YES;
				CLANG_WARN__DUPLICATE_METHOD_MATCH = YES;
				COPY_PHASE_STRIP = NO;
				DEBUG_INFORMATION_FORMAT = "dwarf-with-dsym";
				ENABLE_NS_ASSERTIONS = NO;
				ENABLE_STRICT_OBJC_MSGSEND = YES;
				GCC_C_LANGUAGE_STANDARD = gnu11;
				GCC_NO_COMMON_BLOCKS = YES;
				GCC_WARN_64_TO_32_BIT_CONVERSION = YES;
				GCC_WARN_ABOUT_RETURN_TYPE = YES_ERROR;
				GCC_WARN_UNDECLARED_SELECTOR = YES;
				GCC_WARN_UNINITIALIZED_AUTOS = YES_AGGRESSIVE;
				GCC_WARN_UNUSED_FUNCTION = YES;
				GCC_WARN_UNUSED_VARIABLE = YES;
				IPHONEOS_DEPLOYMENT_TARGET = 13.4;
				MTL_ENABLE_DEBUG_INFO = NO;
				MTL_FAST_MATH = YES;
				SDKROOT = iphoneos;
				SWIFT_COMPILATION_MODE = wholemodule;
				SWIFT_OPTIMIZATION_LEVEL = "-O";
				VALIDATE_PRODUCT = YES;
			};
			name = Release;
		};
		54159A58247CAE23003E1F21 /* Debug */ = {
			isa = XCBuildConfiguration;
			baseConfigurationReference = 18CE7C7217DB36D178EA9F1B /* Pods-FreshFood.debug.xcconfig */;
			buildSettings = {
				ASSETCATALOG_COMPILER_APPICON_NAME = AppIcon;
				CODE_SIGN_STYLE = Automatic;
				INFOPLIST_FILE = FreshFood/Resources/Info.plist;
				LD_RUNPATH_SEARCH_PATHS = (
					"$(inherited)",
					"@executable_path/Frameworks",
				);
				PRODUCT_BUNDLE_IDENTIFIER = hwa.FreshFood;
				PRODUCT_NAME = "$(TARGET_NAME)";
				SWIFT_VERSION = 5.0;
				TARGETED_DEVICE_FAMILY = "1,2";
			};
			name = Debug;
		};
		54159A59247CAE23003E1F21 /* Release */ = {
			isa = XCBuildConfiguration;
			baseConfigurationReference = D2AD777A48F5DBF55AC961F6 /* Pods-FreshFood.release.xcconfig */;
			buildSettings = {
				ASSETCATALOG_COMPILER_APPICON_NAME = AppIcon;
				CODE_SIGN_STYLE = Automatic;
				INFOPLIST_FILE = FreshFood/Resources/Info.plist;
				LD_RUNPATH_SEARCH_PATHS = (
					"$(inherited)",
					"@executable_path/Frameworks",
				);
				PRODUCT_BUNDLE_IDENTIFIER = hwa.FreshFood;
				PRODUCT_NAME = "$(TARGET_NAME)";
				SWIFT_VERSION = 5.0;
				TARGETED_DEVICE_FAMILY = "1,2";
			};
			name = Release;
		};
/* End XCBuildConfiguration section */

/* Begin XCConfigurationList section */
		54159A3E247CAE21003E1F21 /* Build configuration list for PBXProject "FreshFood" */ = {
			isa = XCConfigurationList;
			buildConfigurations = (
				54159A55247CAE23003E1F21 /* Debug */,
				54159A56247CAE23003E1F21 /* Release */,
			);
			defaultConfigurationIsVisible = 0;
			defaultConfigurationName = Release;
		};
		54159A57247CAE23003E1F21 /* Build configuration list for PBXNativeTarget "FreshFood" */ = {
			isa = XCConfigurationList;
			buildConfigurations = (
				54159A58247CAE23003E1F21 /* Debug */,
				54159A59247CAE23003E1F21 /* Release */,
			);
			defaultConfigurationIsVisible = 0;
			defaultConfigurationName = Release;
		};
/* End XCConfigurationList section */
	};
	rootObject = 54159A3B247CAE21003E1F21 /* Project object */;
}
